
Microsoft Visual Studio Solution File, Format Version 12.00
# Visual Studio Version 16
VisualStudioVersion = 16.0.29306.81
MinimumVisualStudioVersion = 10.0.40219.1
Project("{FAE04EC0-301F-11D3-BF4B-00C04F79EFBC}") = "WebApplication9", "WebApplication9\WebApplication9.csproj", "{7AC9F6D5-84EB-47AD-935A-D5528C340A57}"
EndProject
Global
	GlobalSection(SolutionConfigurationPlatforms) = preSolution
		Debug|Any CPU = Debug|Any CPU
		Release|Any CPU = Release|Any CPU
	EndGlobalSection
	GlobalSection(ProjectConfigurationPlatforms) = postSolution
		{7AC9F6D5-84EB-47AD-935A-D5528C340A57}.Debug|Any CPU.ActiveCfg = Debug|Any CPU
		{7AC9F6D5-84EB-47AD-935A-D5528C340A57}.Debug|Any CPU.Build.0 = Debug|Any CPU
		{7AC9F6D5-84EB-47AD-935A-D5528C340A57}.Release|Any CPU.ActiveCfg = Release|Any CPU
		{7AC9F6D5-84EB-47AD-935A-D5528C340A57}.Release|Any CPU.Build.0 = Release|Any CPU
	EndGlobalSection
	GlobalSection(SolutionProperties) = preSolution
		HideSolutionNode = FALSE
	EndGlobalSection
	GlobalSection(ExtensibilityGlobals) = postSolution
		SolutionGuid = {05AAE4FB-083A-4C0A-A718-3F19C594BB9E}
	EndGlobalSection
EndGlobal
